// !$*UTF8*$!
{
	archiveVersion = 1;
	classes = {
	};
	objectVersion = 56;
	objects = {

/* Begin PBXBuildFile section */
		F6F17F4D295F475D001300BD /* AppDelegate.swift in Sources */ = {isa = PBXBuildFile; fileRef = F6F17F4C295F475D001300BD /* AppDelegate.swift */; };
		F6F17F4F295F475D001300BD /* SceneDelegate.swift in Sources */ = {isa = PBXBuildFile; fileRef = F6F17F4E295F475D001300BD /* SceneDelegate.swift */; };
		F6F17F56295F4761001300BD /* Assets.xcassets in Resources */ = {isa = PBXBuildFile; fileRef = F6F17F55295F4761001300BD /* Assets.xcassets */; };
		F6F17F59295F4761001300BD /* LaunchScreen.storyboard in Resources */ = {isa = PBXBuildFile; fileRef = F6F17F57295F4761001300BD /* LaunchScreen.storyboard */; };
		F6F17F64295F4762001300BD /* Video_PlayerTests.swift in Sources */ = {isa = PBXBuildFile; fileRef = F6F17F63295F4762001300BD /* Video_PlayerTests.swift */; };
		F6F17F6E295F4762001300BD /* Video_PlayerUITests.swift in Sources */ = {isa = PBXBuildFile; fileRef = F6F17F6D295F4762001300BD /* Video_PlayerUITests.swift */; };
		F6F17F70295F4762001300BD /* Video_PlayerUITestsLaunchTests.swift in Sources */ = {isa = PBXBuildFile; fileRef = F6F17F6F295F4762001300BD /* Video_PlayerUITestsLaunchTests.swift */; };
		F6F17F7E295F47E0001300BD /* HomeVC.swift in Sources */ = {isa = PBXBuildFile; fileRef = F6F17F7D295F47E0001300BD /* HomeVC.swift */; };
		F6F17F80295F4A4F001300BD /* testVideo.mp4 in Resources */ = {isa = PBXBuildFile; fileRef = F6F17F7F295F4A4E001300BD /* testVideo.mp4 */; };
/* End PBXBuildFile section */

/* Begin PBXContainerItemProxy section */
		F6F17F60295F4762001300BD /* PBXContainerItemProxy */ = {
			isa = PBXContainerItemProxy;
			containerPortal = F6F17F41295F475D001300BD /* Project object */;
			proxyType = 1;
			remoteGlobalIDString = F6F17F48295F475D001300BD;
			remoteInfo = Video_Player;
		};
		F6F17F6A295F4762001300BD /* PBXContainerItemProxy */ = {
			isa = PBXContainerItemProxy;
			containerPortal = F6F17F41295F475D001300BD /* Project object */;
			proxyType = 1;
			remoteGlobalIDString = F6F17F48295F475D001300BD;
			remoteInfo = Video_Player;
		};
/* End PBXContainerItemProxy section */

/* Begin PBXFileReference section */
		F6F17F49295F475D001300BD /* Video_Player.app */ = {isa = PBXFileReference; explicitFileType = wrapper.application; includeInIndex = 0; path = Video_Player.app; sourceTree = BUILT_PRODUCTS_DIR; };
		F6F17F4C295F475D001300BD /* AppDelegate.swift */ = {isa = PBXFileReference; lastKnownFileType = sourcecode.swift; path = AppDelegate.swift; sourceTree = "<group>"; };
		F6F17F4E295F475D001300BD /* SceneDelegate.swift */ = {isa = PBXFileReference; lastKnownFileType = sourcecode.swift; path = SceneDelegate.swift; sourceTree = "<group>"; };
		F6F17F55295F4761001300BD /* Assets.xcassets */ = {isa = PBXFileReference; lastKnownFileType = folder.assetcatalog; path = Assets.xcassets; sourceTree = "<group>"; };
		F6F17F58295F4761001300BD /* Base */ = {isa = PBXFileReference; lastKnownFileType = file.storyboard; name = Base; path = Base.lproj/LaunchScreen.storyboard; sourceTree = "<group>"; };
		F6F17F5A295F4761001300BD /* Info.plist */ = {isa = PBXFileReference; lastKnownFileType = text.plist.xml; path = Info.plist; sourceTree = "<group>"; };
		F6F17F5F295F4762001300BD /* Video_PlayerTests.xctest */ = {isa = PBXFileReference; explicitFileType = wrapper.cfbundle; includeInIndex = 0; path = Video_PlayerTests.xctest; sourceTree = BUILT_PRODUCTS_DIR; };
		F6F17F63295F4762001300BD /* Video_PlayerTests.swift */ = {isa = PBXFileReference; lastKnownFileType = sourcecode.swift; path = Video_PlayerTests.swift; sourceTree = "<group>"; };
		F6F17F69295F4762001300BD /* Video_PlayerUITests.xctest */ = {isa = PBXFileReference; explicitFileType = wrapper.cfbundle; includeInIndex = 0; path = Video_PlayerUITests.xctest; sourceTree = BUILT_PRODUCTS_DIR; };
		F6F17F6D295F4762001300BD /* Video_PlayerUITests.swift */ = {isa = PBXFileReference; lastKnownFileType = sourcecode.swift; path = Video_PlayerUITests.swift; sourceTree = "<group>"; };
		F6F17F6F295F4762001300BD /* Video_PlayerUITestsLaunchTests.swift */ = {isa = PBXFileReference; lastKnownFileType = sourcecode.swift; path = Video_PlayerUITestsLaunchTests.swift; sourceTree = "<group>"; };
		F6F17F7D295F47E0001300BD /* HomeVC.swift */ = {isa = PBXFileReference; lastKnownFileType = sourcecode.swift; path = HomeVC.swift; sourceTree = "<group>"; };
		F6F17F7F295F4A4E001300BD /* testVideo.mp4 */ = {isa = PBXFileReference; lastKnownFileType = file; path = testVideo.mp4; sourceTree = "<group>"; };
/* End PBXFileReference section */

/* Begin PBXFrameworksBuildPhase section */
		F6F17F46295F475D001300BD /* Frameworks */ = {
			isa = PBXFrameworksBuildPhase;
			buildActionMask = 2147483647;
			files = (
			);
			runOnlyForDeploymentPostprocessing = 0;
		};
		F6F17F5C295F4762001300BD /* Frameworks */ = {
			isa = PBXFrameworksBuildPhase;
			buildActionMask = 2147483647;
			files = (
			);
			runOnlyForDeploymentPostprocessing = 0;
		};
		F6F17F66295F4762001300BD /* Frameworks */ = {
			isa = PBXFrameworksBuildPhase;
			buildActionMask = 2147483647;
			files = (
			);
			runOnlyForDeploymentPostprocessing = 0;
		};
/* End PBXFrameworksBuildPhase section */

/* Begin PBXGroup section */
		F6F17F40295F475D001300BD = {
			isa = PBXGroup;
			children = (
				F6F17F4B295F475D001300BD /* Video_Player */,
				F6F17F62295F4762001300BD /* Video_PlayerTests */,
				F6F17F6C295F4762001300BD /* Video_PlayerUITests */,
				F6F17F4A295F475D001300BD /* Products */,
			);
			sourceTree = "<group>";
		};
		F6F17F4A295F475D001300BD /* Products */ = {
			isa = PBXGroup;
			children = (
				F6F17F49295F475D001300BD /* Video_Player.app */,
				F6F17F5F295F4762001300BD /* Video_PlayerTests.xctest */,
				F6F17F69295F4762001300BD /* Video_PlayerUITests.xctest */,
			);
			name = Products;
			sourceTree = "<group>";
		};
		F6F17F4B295F475D001300BD /* Video_Player */ = {
			isa = PBXGroup;
			children = (
				F6F17F7C295F47AD001300BD /* Delegate */,
				F6F17F7D295F47E0001300BD /* HomeVC.swift */,
				F6F17F81295F4A54001300BD /* VideoFiles */,
				F6F17F55295F4761001300BD /* Assets.xcassets */,
				F6F17F57295F4761001300BD /* LaunchScreen.storyboard */,
				F6F17F5A295F4761001300BD /* Info.plist */,
			);
			path = Video_Player;
			sourceTree = "<group>";
		};
		F6F17F62295F4762001300BD /* Video_PlayerTests */ = {
			isa = PBXGroup;
			children = (
				F6F17F63295F4762001300BD /* Video_PlayerTests.swift */,
			);
			path = Video_PlayerTests;
			sourceTree = "<group>";
		};
		F6F17F6C295F4762001300BD /* Video_PlayerUITests */ = {
			isa = PBXGroup;
			children = (
				F6F17F6D295F4762001300BD /* Video_PlayerUITests.swift */,
				F6F17F6F295F4762001300BD /* Video_PlayerUITestsLaunchTests.swift */,
			);
			path = Video_PlayerUITests;
			sourceTree = "<group>";
		};
		F6F17F7C295F47AD001300BD /* Delegate */ = {
			isa = PBXGroup;
			children = (
				F6F17F4C295F475D001300BD /* AppDelegate.swift */,
				F6F17F4E295F475D001300BD /* SceneDelegate.swift */,
			);
			path = Delegate;
			sourceTree = "<group>";
		};
		F6F17F81295F4A54001300BD /* VideoFiles */ = {
			isa = PBXGroup;
			children = (
				F6F17F7F295F4A4E001300BD /* testVideo.mp4 */,
			);
			path = VideoFiles;
			sourceTree = "<group>";
		};
/* End PBXGroup section */

/* Begin PBXNativeTarget section */
		F6F17F48295F475D001300BD /* Video_Player */ = {
			isa = PBXNativeTarget;
			buildConfigurationList = F6F17F73295F4762001300BD /* Build configuration list for PBXNativeTarget "Video_Player" */;
			buildPhases = (
				F6F17F45295F475D001300BD /* Sources */,
				F6F17F46295F475D001300BD /* Frameworks */,
				F6F17F47295F475D001300BD /* Resources */,
			);
			buildRules = (
			);
			dependencies = (
			);
			name = Video_Player;
			productName = Video_Player;
			productReference = F6F17F49295F475D001300BD /* Video_Player.app */;
			productType = "com.apple.product-type.application";
		};
		F6F17F5E295F4762001300BD /* Video_PlayerTests */ = {
			isa = PBXNativeTarget;
			buildConfigurationList = F6F17F76295F4762001300BD /* Build configuration list for PBXNativeTarget "Video_PlayerTests" */;
			buildPhases = (
				F6F17F5B295F4762001300BD /* Sources */,
				F6F17F5C295F4762001300BD /* Frameworks */,
				F6F17F5D295F4762001300BD /* Resources */,
			);
			buildRules = (
			);
			dependencies = (
				F6F17F61295F4762001300BD /* PBXTargetDependency */,
			);
			name = Video_PlayerTests;
			productName = Video_PlayerTests;
			productReference = F6F17F5F295F4762001300BD /* Video_PlayerTests.xctest */;
			productType = "com.apple.product-type.bundle.unit-test";
		};
		F6F17F68295F4762001300BD /* Video_PlayerUITests */ = {
			isa = PBXNativeTarget;
			buildConfigurationList = F6F17F79295F4762001300BD /* Build configuration list for PBXNativeTarget "Video_PlayerUITests" */;
			buildPhases = (
				F6F17F65295F4762001300BD /* Sources */,
				F6F17F66295F4762001300BD /* Frameworks */,
				F6F17F67295F4762001300BD /* Resources */,
			);
			buildRules = (
			);
			dependencies = (
				F6F17F6B295F4762001300BD /* PBXTargetDependency */,
			);
			name = Video_PlayerUITests;
			productName = Video_PlayerUITests;
			productReference = F6F17F69295F4762001300BD /* Video_PlayerUITests.xctest */;
			productType = "com.apple.product-type.bundle.ui-testing";
		};
/* End PBXNativeTarget section */

/* Begin PBXProject section */
		F6F17F41295F475D001300BD /* Project object */ = {
			isa = PBXProject;
			attributes = {
				BuildIndependentTargetsInParallel = 1;
				LastSwiftUpdateCheck = 1400;
				LastUpgradeCheck = 1400;
				TargetAttributes = {
					F6F17F48295F475D001300BD = {
						CreatedOnToolsVersion = 14.0.1;
					};
					F6F17F5E295F4762001300BD = {
						CreatedOnToolsVersion = 14.0.1;
						TestTargetID = F6F17F48295F475D001300BD;
					};
					F6F17F68295F4762001300BD = {
						CreatedOnToolsVersion = 14.0.1;
						TestTargetID = F6F17F48295F475D001300BD;
					};
				};
			};
			buildConfigurationList = F6F17F44295F475D001300BD /* Build configuration list for PBXProject "Video_Player" */;
			compatibilityVersion = "Xcode 14.0";
			developmentRegion = en;
			hasScannedForEncodings = 0;
			knownRegions = (
				en,
				Base,
			);
			mainGroup = F6F17F40295F475D001300BD;
			productRefGroup = F6F17F4A295F475D001300BD /* Products */;
			projectDirPath = "";
			projectRoot = "";
			targets = (
				F6F17F48295F475D001300BD /* Video_Player */,
				F6F17F5E295F4762001300BD /* Video_PlayerTests */,
				F6F17F68295F4762001300BD /* Video_PlayerUITests */,
			);
		};
/* End PBXProject section */

/* Begin PBXResourcesBuildPhase section */
		F6F17F47295F475D001300BD /* Resources */ = {
			isa = PBXResourcesBuildPhase;
			buildActionMask = 2147483647;
			files = (
				F6F17F59295F4761001300BD /* LaunchScreen.storyboard in Resources */,
				F6F17F56295F4761001300BD /* Assets.xcassets in Resources */,
				F6F17F80295F4A4F001300BD /* testVideo.mp4 in Resources */,
			);
			runOnlyForDeploymentPostprocessing = 0;
		};
		F6F17F5D295F4762001300BD /* Resources */ = {
			isa = PBXResourcesBuildPhase;
			buildActionMask = 2147483647;
			files = (
			);
			runOnlyForDeploymentPostprocessing = 0;
		};
		F6F17F67295F4762001300BD /* Resources */ = {
			isa = PBXResourcesBuildPhase;
			buildActionMask = 2147483647;
			files = (
			);
			runOnlyForDeploymentPostprocessing = 0;
		};
/* End PBXResourcesBuildPhase section */

/* Begin PBXSourcesBuildPhase section */
		F6F17F45295F475D001300BD /* Sources */ = {
			isa = PBXSourcesBuildPhase;
			buildActionMask = 2147483647;
			files = (
				F6F17F7E295F47E0001300BD /* HomeVC.swift in Sources */,
				F6F17F4D295F475D001300BD /* AppDelegate.swift in Sources */,
				F6F17F4F295F475D001300BD /* SceneDelegate.swift in Sources */,
			);
			runOnlyForDeploymentPostprocessing = 0;
		};
		F6F17F5B295F4762001300BD /* Sources */ = {
			isa = PBXSourcesBuildPhase;
			buildActionMask = 2147483647;
			files = (
				F6F17F64295F4762001300BD /* Video_PlayerTests.swift in Sources */,
			);
			runOnlyForDeploymentPostprocessing = 0;
		};
		F6F17F65295F4762001300BD /* Sources */ = {
			isa = PBXSourcesBuildPhase;
			buildActionMask = 2147483647;
			files = (
				F6F17F6E295F4762001300BD /* Video_PlayerUITests.swift in Sources */,
				F6F17F70295F4762001300BD /* Video_PlayerUITestsLaunchTests.swift in Sources */,
			);
			runOnlyForDeploymentPostprocessing = 0;
		};
/* End PBXSourcesBuildPhase section */

/* Begin PBXTargetDependency section */
		F6F17F61295F4762001300BD /* PBXTargetDependency */ = {
			isa = PBXTargetDependency;
			target = F6F17F48295F475D001300BD /* Video_Player */;
			targetProxy = F6F17F60295F4762001300BD /* PBXContainerItemProxy */;
		};
		F6F17F6B295F4762001300BD /* PBXTargetDependency */ = {
			isa = PBXTargetDependency;
			target = F6F17F48295F475D001300BD /* Video_Player */;
			targetProxy = F6F17F6A295F4762001300BD /* PBXContainerItemProxy */;
		};
/* End PBXTargetDependency section */

/* Begin PBXVariantGroup section */
		F6F17F57295F4761001300BD /* LaunchScreen.storyboard */ = {
			isa = PBXVariantGroup;
			children = (
				F6F17F58295F4761001300BD /* Base */,
			);
			name = LaunchScreen.storyboard;
			sourceTree = "<group>";
		};
/* End PBXVariantGroup section */

/* Begin XCBuildConfiguration section */
		F6F17F71295F4762001300BD /* Debug */ = {
			isa = XCBuildConfiguration;
			buildSettings = {
				ALWAYS_SEARCH_USER_PATHS = NO;
				CLANG_ANALYZER_NONNULL = YES;
				CLANG_ANALYZER_NUMBER_OBJECT_CONVERSION = YES_AGGRESSIVE;
				CLANG_CXX_LANGUAGE_STANDARD = "gnu++20";
				CLANG_ENABLE_MODULES = YES;
				CLANG_ENABLE_OBJC_ARC = YES;
				CLANG_ENABLE_OBJC_WEAK = YES;
				CLANG_WARN_BLOCK_CAPTURE_AUTORELEASING = YES;
				CLANG_WARN_BOOL_CONVERSION = YES;
				CLANG_WARN_COMMA = YES;
				CLANG_WARN_CONSTANT_CONVERSION = YES;
				CLANG_WARN_DEPRECATED_OBJC_IMPLEMENTATIONS = YES;
				CLANG_WARN_DIRECT_OBJC_ISA_USAGE = YES_ERROR;
				CLANG_WARN_DOCUMENTATION_COMMENTS = YES;
				CLANG_WARN_EMPTY_BODY = YES;
				CLANG_WARN_ENUM_CONVERSION = YES;
				CLANG_WARN_INFINITE_RECURSION = YES;
				CLANG_WARN_INT_CONVERSION = YES;
				CLANG_WARN_NON_LITERAL_NULL_CONVERSION = YES;
				CLANG_WARN_OBJC_IMPLICIT_RETAIN_SELF = YES;
				CLANG_WARN_OBJC_LITERAL_CONVERSION = YES;
				CLANG_WARN_OBJC_ROOT_CLASS = YES_ERROR;
				CLANG_WARN_QUOTED_INCLUDE_IN_FRAMEWORK_HEADER = YES;
				CLANG_WARN_RANGE_LOOP_ANALYSIS = YES;
				CLANG_WARN_STRICT_PROTOTYPES = YES;
				CLANG_WARN_SUSPICIOUS_MOVE = YES;
				CLANG_WARN_UNGUARDED_AVAILABILITY = YES_AGGRESSIVE;
				CLANG_WARN_UNREACHABLE_CODE = YES;
				CLANG_WARN__DUPLICATE_METHOD_MATCH = YES;
				COPY_PHASE_STRIP = NO;
				DEBUG_INFORMATION_FORMAT = dwarf;
				ENABLE_STRICT_OBJC_MSGSEND = YES;
				ENABLE_TESTABILITY = YES;
				GCC_C_LANGUAGE_STANDARD = gnu11;
				GCC_DYNAMIC_NO_PIC = NO;
				GCC_NO_COMMON_BLOCKS = YES;
				GCC_OPTIMIZATION_LEVEL = 0;
				GCC_PREPROCESSOR_DEFINITIONS = (
					"DEBUG=1",
					"$(inherited)",
				);
				GCC_WARN_64_TO_32_BIT_CONVERSION = YES;
				GCC_WARN_ABOUT_RETURN_TYPE = YES_ERROR;
				GCC_WARN_UNDECLARED_SELECTOR = YES;
				GCC_WARN_UNINITIALIZED_AUTOS = YES_AGGRESSIVE;
				GCC_WARN_UNUSED_FUNCTION = YES;
				GCC_WARN_UNUSED_VARIABLE = YES;
				IPHONEOS_DEPLOYMENT_TARGET = 16.0;
				MTL_ENABLE_DEBUG_INFO = INCLUDE_SOURCE;
				MTL_FAST_MATH = YES;
				ONLY_ACTIVE_ARCH = YES;
				SDKROOT = iphoneos;
				SWIFT_ACTIVE_COMPILATION_CONDITIONS = DEBUG;
				SWIFT_OPTIMIZATION_LEVEL = "-Onone";
			};
			name = Debug;
		};
		F6F17F72295F4762001300BD /* Release */ = {
			isa = XCBuildConfiguration;
			buildSettings = {
				ALWAYS_SEARCH_USER_PATHS = NO;
				CLANG_ANALYZER_NONNULL = YES;
				CLANG_ANALYZER_NUMBER_OBJECT_CONVERSION = YES_AGGRESSIVE;
				CLANG_CXX_LANGUAGE_STANDARD = "gnu++20";
				CLANG_ENABLE_MODULES = YES;
				CLANG_ENABLE_OBJC_ARC = YES;
				CLANG_ENABLE_OBJC_WEAK = YES;
				CLANG_WARN_BLOCK_CAPTURE_AUTORELEASING = YES;
				CLANG_WARN_BOOL_CONVERSION = YES;
				CLANG_WARN_COMMA = YES;
				CLANG_WARN_CONSTANT_CONVERSION = YES;
				CLANG_WARN_DEPRECATED_OBJC_IMPLEMENTATIONS = YES;
				CLANG_WARN_DIRECT_OBJC_ISA_USAGE = YES_ERROR;
				CLANG_WARN_DOCUMENTATION_COMMENTS = YES;
				CLANG_WARN_EMPTY_BODY = YES;
				CLANG_WARN_ENUM_CONVERSION = YES;
				CLANG_WARN_INFINITE_RECURSION = YES;
				CLANG_WARN_INT_CONVERSION = YES;
				CLANG_WARN_NON_LITERAL_NULL_CONVERSION = YES;
				CLANG_WARN_OBJC_IMPLICIT_RETAIN_SELF = YES;
				CLANG_WARN_OBJC_LITERAL_CONVERSION = YES;
				CLANG_WARN_OBJC_ROOT_CLASS = YES_ERROR;
				CLANG_WARN_QUOTED_INCLUDE_IN_FRAMEWORK_HEADER = YES;
				CLANG_WARN_RANGE_LOOP_ANALYSIS = YES;
				CLANG_WARN_STRICT_PROTOTYPES = YES;
				CLANG_WARN_SUSPICIOUS_MOVE = YES;
				CLANG_WARN_UNGUARDED_AVAILABILITY = YES_AGGRESSIVE;
				CLANG_WARN_UNREACHABLE_CODE = YES;
				CLANG_WARN__DUPLICATE_METHOD_MATCH = YES;
				COPY_PHASE_STRIP = NO;
				DEBUG_INFORMATION_FORMAT = "dwarf-with-dsym";
				ENABLE_NS_ASSERTIONS = NO;
				ENABLE_STRICT_OBJC_MSGSEND = YES;
				GCC_C_LANGUAGE_STANDARD = gnu11;
				GCC_NO_COMMON_BLOCKS = YES;
				GCC_WARN_64_TO_32_BIT_CONVERSION = YES;
				GCC_WARN_ABOUT_RETURN_TYPE = YES_ERROR;
				GCC_WARN_UNDECLARED_SELECTOR = YES;
				GCC_WARN_UNINITIALIZED_AUTOS = YES_AGGRESSIVE;
				GCC_WARN_UNUSED_FUNCTION = YES;
				GCC_WARN_UNUSED_VARIABLE = YES;
				IPHONEOS_DEPLOYMENT_TARGET = 16.0;
				MTL_ENABLE_DEBUG_INFO = NO;
				MTL_FAST_MATH = YES;
				SDKROOT = iphoneos;
				SWIFT_COMPILATION_MODE = wholemodule;
				SWIFT_OPTIMIZATION_LEVEL = "-O";
				VALIDATE_PRODUCT = YES;
			};
			name = Release;
		};
		F6F17F74295F4762001300BD /* Debug */ = {
			isa = XCBuildConfiguration;
			buildSettings = {
				ASSETCATALOG_COMPILER_APPICON_NAME = AppIcon;
				ASSETCATALOG_COMPILER_GLOBAL_ACCENT_COLOR_NAME = AccentColor;
				CODE_SIGN_STYLE = Automatic;
				CURRENT_PROJECT_VERSION = 1;
				DEVELOPMENT_TEAM = YKD89M9QN9;
				GENERATE_INFOPLIST_FILE = YES;
				INFOPLIST_FILE = Video_Player/Info.plist;
				INFOPLIST_KEY_UIApplicationSupportsIndirectInputEvents = YES;
				INFOPLIST_KEY_UILaunchStoryboardName = LaunchScreen;
				INFOPLIST_KEY_UISupportedInterfaceOrientations_iPad = "UIInterfaceOrientationPortrait UIInterfaceOrientationPortraitUpsideDown UIInterfaceOrientationLandscapeLeft UIInterfaceOrientationLandscapeRight";
				INFOPLIST_KEY_UISupportedInterfaceOrientations_iPhone = "UIInterfaceOrientationPortrait UIInterfaceOrientationLandscapeLeft UIInterfaceOrientationLandscapeRight";
				LD_RUNPATH_SEARCH_PATHS = (
					"$(inherited)",
					"@executable_path/Frameworks",
				);
				MARKETING_VERSION = 1.0;
				PRODUCT_BUNDLE_IDENTIFIER = "BroadwaterDevs.Video-Player";
				PRODUCT_NAME = "$(TARGET_NAME)";
				SWIFT_EMIT_LOC_STRINGS = YES;
				SWIFT_VERSION = 5.0;
				TARGETED_DEVICE_FAMILY = "1,2";
			};
			name = Debug;
		};
		F6F17F75295F4762001300BD /* Release */ = {
			isa = XCBuildConfiguration;
			buildSettings = {
				ASSETCATALOG_COMPILER_APPICON_NAME = AppIcon;
				ASSETCATALOG_COMPILER_GLOBAL_ACCENT_COLOR_NAME = AccentColor;
				CODE_SIGN_STYLE = Automatic;
				CURRENT_PROJECT_VERSION = 1;
				DEVELOPMENT_TEAM = YKD89M9QN9;
				GENERATE_INFOPLIST_FILE = YES;
				INFOPLIST_FILE = Video_Player/Info.plist;
				INFOPLIST_KEY_UIApplicationSupportsIndirectInputEvents = YES;
				INFOPLIST_KEY_UILaunchStoryboardName = LaunchScreen;
				INFOPLIST_KEY_UISupportedInterfaceOrientations_iPad = "UIInterfaceOrientationPortrait UIInterfaceOrientationPortraitUpsideDown UIInterfaceOrientationLandscapeLeft UIInterfaceOrientationLandscapeRight";
				INFOPLIST_KEY_UISupportedInterfaceOrientations_iPhone = "UIInterfaceOrientationPortrait UIInterfaceOrientationLandscapeLeft UIInterfaceOrientationLandscapeRight";
				LD_RUNPATH_SEARCH_PATHS = (
					"$(inherited)",
					"@executable_path/Frameworks",
				);
				MARKETING_VERSION = 1.0;
				PRODUCT_BUNDLE_IDENTIFIER = "BroadwaterDevs.Video-Player";
				PRODUCT_NAME = "$(TARGET_NAME)";
				SWIFT_EMIT_LOC_STRINGS = YES;
				SWIFT_VERSION = 5.0;
				TARGETED_DEVICE_FAMILY = "1,2";
			};
			name = Release;
		};
		F6F17F77295F4762001300BD /* Debug */ = {
			isa = XCBuildConfiguration;
			buildSettings = {
				ALWAYS_EMBED_SWIFT_STANDARD_LIBRARIES = YES;
				BUNDLE_LOADER = "$(TEST_HOST)";
				CODE_SIGN_STYLE = Automatic;
				CURRENT_PROJECT_VERSION = 1;
				DEVELOPMENT_TEAM = YKD89M9QN9;
				GENERATE_INFOPLIST_FILE = YES;
				IPHONEOS_DEPLOYMENT_TARGET = 16.0;
				MARKETING_VERSION = 1.0;
				PRODUCT_BUNDLE_IDENTIFIER = "BroadwaterDevs.Video-PlayerTests";
				PRODUCT_NAME = "$(TARGET_NAME)";
				SWIFT_EMIT_LOC_STRINGS = NO;
				SWIFT_VERSION = 5.0;
				TARGETED_DEVICE_FAMILY = "1,2";
				TEST_HOST = "$(BUILT_PRODUCTS_DIR)/Video_Player.app/$(BUNDLE_EXECUTABLE_FOLDER_PATH)/Video_Player";
			};
			name = Debug;
		};
		F6F17F78295F4762001300BD /* Release */ = {
			isa = XCBuildConfiguration;
			buildSettings = {
				ALWAYS_EMBED_SWIFT_STANDARD_LIBRARIES = YES;
				BUNDLE_LOADER = "$(TEST_HOST)";
				CODE_SIGN_STYLE = Automatic;
				CURRENT_PROJECT_VERSION = 1;
				DEVELOPMENT_TEAM = YKD89M9QN9;
				GENERATE_INFOPLIST_FILE = YES;
				IPHONEOS_DEPLOYMENT_TARGET = 16.0;
				MARKETING_VERSION = 1.0;
				PRODUCT_BUNDLE_IDENTIFIER = "BroadwaterDevs.Video-PlayerTests";
				PRODUCT_NAME = "$(TARGET_NAME)";
				SWIFT_EMIT_LOC_STRINGS = NO;
				SWIFT_VERSION = 5.0;
				TARGETED_DEVICE_FAMILY = "1,2";
				TEST_HOST = "$(BUILT_PRODUCTS_DIR)/Video_Player.app/$(BUNDLE_EXECUTABLE_FOLDER_PATH)/Video_Player";
			};
			name = Release;
		};
		F6F17F7A295F4762001300BD /* Debug */ = {
			isa = XCBuildConfiguration;
			buildSettings = {
				ALWAYS_EMBED_SWIFT_STANDARD_LIBRARIES = YES;
				CODE_SIGN_STYLE = Automatic;
				CURRENT_PROJECT_VERSION = 1;
				DEVELOPMENT_TEAM = YKD89M9QN9;
				GENERATE_INFOPLIST_FILE = YES;
				MARKETING_VERSION = 1.0;
				PRODUCT_BUNDLE_IDENTIFIER = "BroadwaterDevs.Video-PlayerUITests";
				PRODUCT_NAME = "$(TARGET_NAME)";
				SWIFT_EMIT_LOC_STRINGS = NO;
				SWIFT_VERSION = 5.0;
				TARGETED_DEVICE_FAMILY = "1,2";
				TEST_TARGET_NAME = Video_Player;
			};
			name = Debug;
		};
		F6F17F7B295F4762001300BD /* Release */ = {
			isa = XCBuildConfiguration;
			buildSettings = {
				ALWAYS_EMBED_SWIFT_STANDARD_LIBRARIES = YES;
				CODE_SIGN_STYLE = Automatic;
				CURRENT_PROJECT_VERSION = 1;
				DEVELOPMENT_TEAM = YKD89M9QN9;
				GENERATE_INFOPLIST_FILE = YES;
				MARKETING_VERSION = 1.0;
				PRODUCT_BUNDLE_IDENTIFIER = "BroadwaterDevs.Video-PlayerUITests";
				PRODUCT_NAME = "$(TARGET_NAME)";
				SWIFT_EMIT_LOC_STRINGS = NO;
				SWIFT_VERSION = 5.0;
				TARGETED_DEVICE_FAMILY = "1,2";
				TEST_TARGET_NAME = Video_Player;
			};
			name = Release;
		};
/* End XCBuildConfiguration section */

/* Begin XCConfigurationList section */
		F6F17F44295F475D001300BD /* Build configuration list for PBXProject "Video_Player" */ = {
			isa = XCConfigurationList;
			buildConfigurations = (
				F6F17F71295F4762001300BD /* Debug */,
				F6F17F72295F4762001300BD /* Release */,
			);
			defaultConfigurationIsVisible = 0;
			defaultConfigurationName = Release;
		};
		F6F17F73295F4762001300BD /* Build configuration list for PBXNativeTarget "Video_Player" */ = {
			isa = XCConfigurationList;
			buildConfigurations = (
				F6F17F74295F4762001300BD /* Debug */,
				F6F17F75295F4762001300BD /* Release */,
			);
			defaultConfigurationIsVisible = 0;
			defaultConfigurationName = Release;
		};
		F6F17F76295F4762001300BD /* Build configuration list for PBXNativeTarget "Video_PlayerTests" */ = {
			isa = XCConfigurationList;
			buildConfigurations = (
				F6F17F77295F4762001300BD /* Debug */,
				F6F17F78295F4762001300BD /* Release */,
			);
			defaultConfigurationIsVisible = 0;
			defaultConfigurationName = Release;
		};
		F6F17F79295F4762001300BD /* Build configuration list for PBXNativeTarget "Video_PlayerUITests" */ = {
			isa = XCConfigurationList;
			buildConfigurations = (
				F6F17F7A295F4762001300BD /* Debug */,
				F6F17F7B295F4762001300BD /* Release */,
			);
			defaultConfigurationIsVisible = 0;
			defaultConfigurationName = Release;
		};
/* End XCConfigurationList section */
	};
	rootObject = F6F17F41295F475D001300BD /* Project object */;
}
